
Microsoft Visual Studio Solution File, Format Version 12.00
# Visual Studio Version 17
VisualStudioVersion = 17.7.34221.43
MinimumVisualStudioVersion = 10.0.40219.1
Project("{FAE04EC0-301F-11D3-BF4B-00C04F79EFBC}") = "arayuzler", "arayuzler\arayuzler.csproj", "{FEEE4ABF-706B-4061-8B7D-45B0E3182BE1}"
EndProject
Global
	GlobalSection(SolutionConfigurationPlatforms) = preSolution
		Debug|Any CPU = Debug|Any CPU
		Release|Any CPU = Release|Any CPU
	EndGlobalSection
	GlobalSection(ProjectConfigurationPlatforms) = postSolution
		{FEEE4ABF-706B-4061-8B7D-45B0E3182BE1}.Debug|Any CPU.ActiveCfg = Debug|Any CPU
		{FEEE4ABF-706B-4061-8B7D-45B0E3182BE1}.Debug|Any CPU.Build.0 = Debug|Any CPU
		{FEEE4ABF-706B-4061-8B7D-45B0E3182BE1}.Release|Any CPU.ActiveCfg = Release|Any CPU
		{FEEE4ABF-706B-4061-8B7D-45B0E3182BE1}.Release|Any CPU.Build.0 = Release|Any CPU
	EndGlobalSection
	GlobalSection(SolutionProperties) = preSolution
		HideSolutionNode = FALSE
	EndGlobalSection
	GlobalSection(ExtensibilityGlobals) = postSolution
		SolutionGuid = {C6A92BD4-254F-4A9F-9EA7-43DF219433D2}
	EndGlobalSection
EndGlobal
